
Microsoft Visual Studio Solution File, Format Version 12.00
Project("{FAE04EC0-301F-11D3-BF4B-00C04F79EFBC}") = "TryPDFFile", "TryPDFFile.csproj", "{073EC765-6A10-43A3-A34A-67A9D190BECB}"
EndProject
Global
	GlobalSection(SolutionConfigurationPlatforms) = preSolution
		Debug|Any CPU = Debug|Any CPU
		Release|Any CPU = Release|Any CPU
	EndGlobalSection
	GlobalSection(ProjectConfigurationPlatforms) = postSolution
		{073EC765-6A10-43A3-A34A-67A9D190BECB}.Debug|Any CPU.ActiveCfg = Debug|Any CPU
		{073EC765-6A10-43A3-A34A-67A9D190BECB}.Debug|Any CPU.Build.0 = Debug|Any CPU
		{073EC765-6A10-43A3-A34A-67A9D190BECB}.Release|Any CPU.ActiveCfg = Release|Any CPU
		{073EC765-6A10-43A3-A34A-67A9D190BECB}.Release|Any CPU.Build.0 = Release|Any CPU
	EndGlobalSection
EndGlobal
